
Microsoft Visual Studio Solution File, Format Version 12.00
# Visual Studio Version 17
VisualStudioVersion = 17.2.32630.192
MinimumVisualStudioVersion = 10.0.40219.1
Project("{FAE04EC0-301F-11D3-BF4B-00C04F79EFBC}") = "MvcMovie", "MvcMovie\MvcMovie.csproj", "{CA219B20-A837-4FCF-94E1-B66C69928E99}"
EndProject
Global
	GlobalSection(SolutionConfigurationPlatforms) = preSolution
		Debug|Any CPU = Debug|Any CPU
		Release|Any CPU = Release|Any CPU
	EndGlobalSection
	GlobalSection(ProjectConfigurationPlatforms) = postSolution
		{CA219B20-A837-4FCF-94E1-B66C69928E99}.Debug|Any CPU.ActiveCfg = Debug|Any CPU
		{CA219B20-A837-4FCF-94E1-B66C69928E99}.Debug|Any CPU.Build.0 = Debug|Any CPU
		{CA219B20-A837-4FCF-94E1-B66C69928E99}.Release|Any CPU.ActiveCfg = Release|Any CPU
		{CA219B20-A837-4FCF-94E1-B66C69928E99}.Release|Any CPU.Build.0 = Release|Any CPU
	EndGlobalSection
	GlobalSection(SolutionProperties) = preSolution
		HideSolutionNode = FALSE
	EndGlobalSection
	GlobalSection(ExtensibilityGlobals) = postSolution
		SolutionGuid = {15D32BF1-ED76-4F52-ABBA-7010508F3034}
	EndGlobalSection
EndGlobal
